
Microsoft Visual Studio Solution File, Format Version 12.00
# Visual Studio Version 17
VisualStudioVersion = 17.0.31903.59
MinimumVisualStudioVersion = 10.0.40219.1
Project("{FAE04EC0-301F-11D3-BF4B-00C04F79EFBC}") = "FirstApp", "FirstApp\FirstApp.csproj", "{F44142B6-8FE9-4036-AB4C-C0FBA59CD42A}"
EndProject
Project("{FAE04EC0-301F-11D3-BF4B-00C04F79EFBC}") = "Payroll", "Payroll\Payroll.csproj", "{E7A85528-304A-4B84-8265-34BC29625E21}"
EndProject
Project("{FAE04EC0-301F-11D3-BF4B-00C04F79EFBC}") = "Cafe", "Cafe\Cafe.csproj", "{AD04610A-43EC-452D-BEC2-6F7C9A94FE08}"
EndProject
Project("{FAE04EC0-301F-11D3-BF4B-00C04F79EFBC}") = "Week 1 Lab Assignment", "Week 1 Lab Assignment\Week 1 Lab Assignment.csproj", "{58B29382-ADCA-402B-92B0-5109DAED6D60}"
EndProject
Project("{2150E333-8FDC-42A3-9474-1A3956D46DE8}") = "Week 1 Lab Assignment", "Week 1 Lab Assignment", "{3A2315D2-BBC1-6A01-06DD-A17192F6D3D4}"
EndProject
Project("{FAE04EC0-301F-11D3-BF4B-00C04F79EFBC}") = "ProjectedRaises", "Week 1 Lab Assignment\ProjectedRaises\ProjectedRaises.csproj", "{46B3E0C4-B382-46B0-8118-F172A3930767}"
EndProject
Project("{FAE04EC0-301F-11D3-BF4B-00C04F79EFBC}") = "ProjectedRaise", "Week 1 Lab Assignment\ProjectedRaise\ProjectedRaise.csproj", "{CA2BB242-B1EB-42A8-838D-3D57787AF746}"
EndProject
Project("{FAE04EC0-301F-11D3-BF4B-00C04F79EFBC}") = "Malcolm Movers", "Week 1 Lab Assignment\Malcolm Movers\Malcolm Movers.csproj", "{95DD9CD9-1DA4-4A8A-9A72-FF6B499A5AB9}"
EndProject
Project("{FAE04EC0-301F-11D3-BF4B-00C04F79EFBC}") = "HoursAndMinutes", "Week 1 Lab Assignment\HoursAndMinutes\HoursAndMinutes.csproj", "{D35104F3-3DF0-43DF-9946-80D4269B1D88}"
EndProject
Project("{FAE04EC0-301F-11D3-BF4B-00C04F79EFBC}") = "Eggs", "Week 1 Lab Assignment\Eggs\Eggs.csproj", "{D21364DF-63D1-4159-8F4E-38E551D1472E}"
EndProject
Global
	GlobalSection(SolutionConfigurationPlatforms) = preSolution
		Debug|Any CPU = Debug|Any CPU
		Debug|x64 = Debug|x64
		Debug|x86 = Debug|x86
		Release|Any CPU = Release|Any CPU
		Release|x64 = Release|x64
		Release|x86 = Release|x86
	EndGlobalSection
	GlobalSection(ProjectConfigurationPlatforms) = postSolution
		{F44142B6-8FE9-4036-AB4C-C0FBA59CD42A}.Debug|Any CPU.ActiveCfg = Debug|Any CPU
		{F44142B6-8FE9-4036-AB4C-C0FBA59CD42A}.Debug|Any CPU.Build.0 = Debug|Any CPU
		{F44142B6-8FE9-4036-AB4C-C0FBA59CD42A}.Debug|x64.ActiveCfg = Debug|Any CPU
		{F44142B6-8FE9-4036-AB4C-C0FBA59CD42A}.Debug|x64.Build.0 = Debug|Any CPU
		{F44142B6-8FE9-4036-AB4C-C0FBA59CD42A}.Debug|x86.ActiveCfg = Debug|Any CPU
		{F44142B6-8FE9-4036-AB4C-C0FBA59CD42A}.Debug|x86.Build.0 = Debug|Any CPU
		{F44142B6-8FE9-4036-AB4C-C0FBA59CD42A}.Release|Any CPU.ActiveCfg = Release|Any CPU
		{F44142B6-8FE9-4036-AB4C-C0FBA59CD42A}.Release|Any CPU.Build.0 = Release|Any CPU
		{F44142B6-8FE9-4036-AB4C-C0FBA59CD42A}.Release|x64.ActiveCfg = Release|Any CPU
		{F44142B6-8FE9-4036-AB4C-C0FBA59CD42A}.Release|x64.Build.0 = Release|Any CPU
		{F44142B6-8FE9-4036-AB4C-C0FBA59CD42A}.Release|x86.ActiveCfg = Release|Any CPU
		{F44142B6-8FE9-4036-AB4C-C0FBA59CD42A}.Release|x86.Build.0 = Release|Any CPU
		{E7A85528-304A-4B84-8265-34BC29625E21}.Debug|Any CPU.ActiveCfg = Debug|Any CPU
		{E7A85528-304A-4B84-8265-34BC29625E21}.Debug|Any CPU.Build.0 = Debug|Any CPU
		{E7A85528-304A-4B84-8265-34BC29625E21}.Debug|x64.ActiveCfg = Debug|Any CPU
		{E7A85528-304A-4B84-8265-34BC29625E21}.Debug|x64.Build.0 = Debug|Any CPU
		{E7A85528-304A-4B84-8265-34BC29625E21}.Debug|x86.ActiveCfg = Debug|Any CPU
		{E7A85528-304A-4B84-8265-34BC29625E21}.Debug|x86.Build.0 = Debug|Any CPU
		{E7A85528-304A-4B84-8265-34BC29625E21}.Release|Any CPU.ActiveCfg = Release|Any CPU
		{E7A85528-304A-4B84-8265-34BC29625E21}.Release|Any CPU.Build.0 = Release|Any CPU
		{E7A85528-304A-4B84-8265-34BC29625E21}.Release|x64.ActiveCfg = Release|Any CPU
		{E7A85528-304A-4B84-8265-34BC29625E21}.Release|x64.Build.0 = Release|Any CPU
		{E7A85528-304A-4B84-8265-34BC29625E21}.Release|x86.ActiveCfg = Release|Any CPU
		{E7A85528-304A-4B84-8265-34BC29625E21}.Release|x86.Build.0 = Release|Any CPU
		{AD04610A-43EC-452D-BEC2-6F7C9A94FE08}.Debug|Any CPU.ActiveCfg = Debug|Any CPU
		{AD04610A-43EC-452D-BEC2-6F7C9A94FE08}.Debug|Any CPU.Build.0 = Debug|Any CPU
		{AD04610A-43EC-452D-BEC2-6F7C9A94FE08}.Debug|x64.ActiveCfg = Debug|Any CPU
		{AD04610A-43EC-452D-BEC2-6F7C9A94FE08}.Debug|x64.Build.0 = Debug|Any CPU
		{AD04610A-43EC-452D-BEC2-6F7C9A94FE08}.Debug|x86.ActiveCfg = Debug|Any CPU
		{AD04610A-43EC-452D-BEC2-6F7C9A94FE08}.Debug|x86.Build.0 = Debug|Any CPU
		{AD04610A-43EC-452D-BEC2-6F7C9A94FE08}.Release|Any CPU.ActiveCfg = Release|Any CPU
		{AD04610A-43EC-452D-BEC2-6F7C9A94FE08}.Release|Any CPU.Build.0 = Release|Any CPU
		{AD04610A-43EC-452D-BEC2-6F7C9A94FE08}.Release|x64.ActiveCfg = Release|Any CPU
		{AD04610A-43EC-452D-BEC2-6F7C9A94FE08}.Release|x64.Build.0 = Release|Any CPU
		{AD04610A-43EC-452D-BEC2-6F7C9A94FE08}.Release|x86.ActiveCfg = Release|Any CPU
		{AD04610A-43EC-452D-BEC2-6F7C9A94FE08}.Release|x86.Build.0 = Release|Any CPU
		{58B29382-ADCA-402B-92B0-5109DAED6D60}.Debug|Any CPU.ActiveCfg = Debug|Any CPU
		{58B29382-ADCA-402B-92B0-5109DAED6D60}.Debug|Any CPU.Build.0 = Debug|Any CPU
		{58B29382-ADCA-402B-92B0-5109DAED6D60}.Debug|x64.ActiveCfg = Debug|Any CPU
		{58B29382-ADCA-402B-92B0-5109DAED6D60}.Debug|x64.Build.0 = Debug|Any CPU
		{58B29382-ADCA-402B-92B0-5109DAED6D60}.Debug|x86.ActiveCfg = Debug|Any CPU
		{58B29382-ADCA-402B-92B0-5109DAED6D60}.Debug|x86.Build.0 = Debug|Any CPU
		{58B29382-ADCA-402B-92B0-5109DAED6D60}.Release|Any CPU.ActiveCfg = Release|Any CPU
		{58B29382-ADCA-402B-92B0-5109DAED6D60}.Release|Any CPU.Build.0 = Release|Any CPU
		{58B29382-ADCA-402B-92B0-5109DAED6D60}.Release|x64.ActiveCfg = Release|Any CPU
		{58B29382-ADCA-402B-92B0-5109DAED6D60}.Release|x64.Build.0 = Release|Any CPU
		{58B29382-ADCA-402B-92B0-5109DAED6D60}.Release|x86.ActiveCfg = Release|Any CPU
		{58B29382-ADCA-402B-92B0-5109DAED6D60}.Release|x86.Build.0 = Release|Any CPU
		{46B3E0C4-B382-46B0-8118-F172A3930767}.Debug|Any CPU.ActiveCfg = Debug|Any CPU
		{46B3E0C4-B382-46B0-8118-F172A3930767}.Debug|Any CPU.Build.0 = Debug|Any CPU
		{46B3E0C4-B382-46B0-8118-F172A3930767}.Debug|x64.ActiveCfg = Debug|Any CPU
		{46B3E0C4-B382-46B0-8118-F172A3930767}.Debug|x64.Build.0 = Debug|Any CPU
		{46B3E0C4-B382-46B0-8118-F172A3930767}.Debug|x86.ActiveCfg = Debug|Any CPU
		{46B3E0C4-B382-46B0-8118-F172A3930767}.Debug|x86.Build.0 = Debug|Any CPU
		{46B3E0C4-B382-46B0-8118-F172A3930767}.Release|Any CPU.ActiveCfg = Release|Any CPU
		{46B3E0C4-B382-46B0-8118-F172A3930767}.Release|Any CPU.Build.0 = Release|Any CPU
		{46B3E0C4-B382-46B0-8118-F172A3930767}.Release|x64.ActiveCfg = Release|Any CPU
		{46B3E0C4-B382-46B0-8118-F172A3930767}.Release|x64.Build.0 = Release|Any CPU
		{46B3E0C4-B382-46B0-8118-F172A3930767}.Release|x86.ActiveCfg = Release|Any CPU
		{46B3E0C4-B382-46B0-8118-F172A3930767}.Release|x86.Build.0 = Release|Any CPU
		{CA2BB242-B1EB-42A8-838D-3D57787AF746}.Debug|Any CPU.ActiveCfg = Debug|Any CPU
		{CA2BB242-B1EB-42A8-838D-3D57787AF746}.Debug|Any CPU.Build.0 = Debug|Any CPU
		{CA2BB242-B1EB-42A8-838D-3D57787AF746}.Debug|x64.ActiveCfg = Debug|Any CPU
		{CA2BB242-B1EB-42A8-838D-3D57787AF746}.Debug|x64.Build.0 = Debug|Any CPU
		{CA2BB242-B1EB-42A8-838D-3D57787AF746}.Debug|x86.ActiveCfg = Debug|Any CPU
		{CA2BB242-B1EB-42A8-838D-3D57787AF746}.Debug|x86.Build.0 = Debug|Any CPU
		{CA2BB242-B1EB-42A8-838D-3D57787AF746}.Release|Any CPU.ActiveCfg = Release|Any CPU
		{CA2BB242-B1EB-42A8-838D-3D57787AF746}.Release|Any CPU.Build.0 = Release|Any CPU
		{CA2BB242-B1EB-42A8-838D-3D57787AF746}.Release|x64.ActiveCfg = Release|Any CPU
		{CA2BB242-B1EB-42A8-838D-3D57787AF746}.Release|x64.Build.0 = Release|Any CPU
		{CA2BB242-B1EB-42A8-838D-3D57787AF746}.Release|x86.ActiveCfg = Release|Any CPU
		{CA2BB242-B1EB-42A8-838D-3D57787AF746}.Release|x86.Build.0 = Release|Any CPU
		{95DD9CD9-1DA4-4A8A-9A72-FF6B499A5AB9}.Debug|Any CPU.ActiveCfg = Debug|Any CPU
		{95DD9CD9-1DA4-4A8A-9A72-FF6B499A5AB9}.Debug|Any CPU.Build.0 = Debug|Any CPU
		{95DD9CD9-1DA4-4A8A-9A72-FF6B499A5AB9}.Debug|x64.ActiveCfg = Debug|Any CPU
		{95DD9CD9-1DA4-4A8A-9A72-FF6B499A5AB9}.Debug|x64.Build.0 = Debug|Any CPU
		{95DD9CD9-1DA4-4A8A-9A72-FF6B499A5AB9}.Debug|x86.ActiveCfg = Debug|Any CPU
		{95DD9CD9-1DA4-4A8A-9A72-FF6B499A5AB9}.Debug|x86.Build.0 = Debug|Any CPU
		{95DD9CD9-1DA4-4A8A-9A72-FF6B499A5AB9}.Release|Any CPU.ActiveCfg = Release|Any CPU
		{95DD9CD9-1DA4-4A8A-9A72-FF6B499A5AB9}.Release|Any CPU.Build.0 = Release|Any CPU
		{95DD9CD9-1DA4-4A8A-9A72-FF6B499A5AB9}.Release|x64.ActiveCfg = Release|Any CPU
		{95DD9CD9-1DA4-4A8A-9A72-FF6B499A5AB9}.Release|x64.Build.0 = Release|Any CPU
		{95DD9CD9-1DA4-4A8A-9A72-FF6B499A5AB9}.Release|x86.ActiveCfg = Release|Any CPU
		{95DD9CD9-1DA4-4A8A-9A72-FF6B499A5AB9}.Release|x86.Build.0 = Release|Any CPU
		{D35104F3-3DF0-43DF-9946-80D4269B1D88}.Debug|Any CPU.ActiveCfg = Debug|Any CPU
		{D35104F3-3DF0-43DF-9946-80D4269B1D88}.Debug|Any CPU.Build.0 = Debug|Any CPU
		{D35104F3-3DF0-43DF-9946-80D4269B1D88}.Debug|x64.ActiveCfg = Debug|Any CPU
		{D35104F3-3DF0-43DF-9946-80D4269B1D88}.Debug|x64.Build.0 = Debug|Any CPU
		{D35104F3-3DF0-43DF-9946-80D4269B1D88}.Debug|x86.ActiveCfg = Debug|Any CPU
		{D35104F3-3DF0-43DF-9946-80D4269B1D88}.Debug|x86.Build.0 = Debug|Any CPU
		{D35104F3-3DF0-43DF-9946-80D4269B1D88}.Release|Any CPU.ActiveCfg = Release|Any CPU
		{D35104F3-3DF0-43DF-9946-80D4269B1D88}.Release|Any CPU.Build.0 = Release|Any CPU
		{D35104F3-3DF0-43DF-9946-80D4269B1D88}.Release|x64.ActiveCfg = Release|Any CPU
		{D35104F3-3DF0-43DF-9946-80D4269B1D88}.Release|x64.Build.0 = Release|Any CPU
		{D35104F3-3DF0-43DF-9946-80D4269B1D88}.Release|x86.ActiveCfg = Release|Any CPU
		{D35104F3-3DF0-43DF-9946-80D4269B1D88}.Release|x86.Build.0 = Release|Any CPU
		{D21364DF-63D1-4159-8F4E-38E551D1472E}.Debug|Any CPU.ActiveCfg = Debug|Any CPU
		{D21364DF-63D1-4159-8F4E-38E551D1472E}.Debug|Any CPU.Build.0 = Debug|Any CPU
		{D21364DF-63D1-4159-8F4E-38E551D1472E}.Debug|x64.ActiveCfg = Debug|Any CPU
		{D21364DF-63D1-4159-8F4E-38E551D1472E}.Debug|x64.Build.0 = Debug|Any CPU
		{D21364DF-63D1-4159-8F4E-38E551D1472E}.Debug|x86.ActiveCfg = Debug|Any CPU
		{D21364DF-63D1-4159-8F4E-38E551D1472E}.Debug|x86.Build.0 = Debug|Any CPU
		{D21364DF-63D1-4159-8F4E-38E551D1472E}.Release|Any CPU.ActiveCfg = Release|Any CPU
		{D21364DF-63D1-4159-8F4E-38E551D1472E}.Release|Any CPU.Build.0 = Release|Any CPU
		{D21364DF-63D1-4159-8F4E-38E551D1472E}.Release|x64.ActiveCfg = Release|Any CPU
		{D21364DF-63D1-4159-8F4E-38E551D1472E}.Release|x64.Build.0 = Release|Any CPU
		{D21364DF-63D1-4159-8F4E-38E551D1472E}.Release|x86.ActiveCfg = Release|Any CPU
		{D21364DF-63D1-4159-8F4E-38E551D1472E}.Release|x86.Build.0 = Release|Any CPU
	EndGlobalSection
	GlobalSection(SolutionProperties) = preSolution
		HideSolutionNode = FALSE
	EndGlobalSection
	GlobalSection(NestedProjects) = preSolution
		{46B3E0C4-B382-46B0-8118-F172A3930767} = {3A2315D2-BBC1-6A01-06DD-A17192F6D3D4}
		{CA2BB242-B1EB-42A8-838D-3D57787AF746} = {3A2315D2-BBC1-6A01-06DD-A17192F6D3D4}
		{95DD9CD9-1DA4-4A8A-9A72-FF6B499A5AB9} = {3A2315D2-BBC1-6A01-06DD-A17192F6D3D4}
		{D35104F3-3DF0-43DF-9946-80D4269B1D88} = {3A2315D2-BBC1-6A01-06DD-A17192F6D3D4}
		{D21364DF-63D1-4159-8F4E-38E551D1472E} = {3A2315D2-BBC1-6A01-06DD-A17192F6D3D4}
	EndGlobalSection
EndGlobal
